
Microsoft Visual Studio Solution File, Format Version 12.00
# Visual Studio Version 17
VisualStudioVersion = 17.8.34330.188
MinimumVisualStudioVersion = 10.0.40219.1
Project("{FAE04EC0-301F-11D3-BF4B-00C04F79EFBC}") = "XMRig RPC", "XMRig RPC\XMRig RPC.csproj", "{68020BC4-F1DE-49F1-B899-39B413B5368D}"
EndProject
Global
	GlobalSection(SolutionConfigurationPlatforms) = preSolution
		Debug|Any CPU = Debug|Any CPU
		Release|Any CPU = Release|Any CPU
	EndGlobalSection
	GlobalSection(ProjectConfigurationPlatforms) = postSolution
		{68020BC4-F1DE-49F1-B899-39B413B5368D}.Debug|Any CPU.ActiveCfg = Debug|Any CPU
		{68020BC4-F1DE-49F1-B899-39B413B5368D}.Debug|Any CPU.Build.0 = Debug|Any CPU
		{68020BC4-F1DE-49F1-B899-39B413B5368D}.Release|Any CPU.ActiveCfg = Release|Any CPU
		{68020BC4-F1DE-49F1-B899-39B413B5368D}.Release|Any CPU.Build.0 = Release|Any CPU
	EndGlobalSection
	GlobalSection(SolutionProperties) = preSolution
		HideSolutionNode = FALSE
	EndGlobalSection
	GlobalSection(ExtensibilityGlobals) = postSolution
		SolutionGuid = {D1CF7901-5003-48B0-9F9B-A298565BABE8}
	EndGlobalSection
EndGlobal
